{
  "requires": true,
  "lockfileVersion": 1,
  "dependencies": {
    "ssr-window": {
      "version": "4.0.2",
      "resolved": "https://registry.npmjs.org/ssr-window/-/ssr-window-4.0.2.tgz",
      "integrity": "sha512-ISv/Ch+ig7SOtw7G2+qkwfVASzazUnvlDTwypdLoPoySv+6MqlOV10VwPSE6EWkGjhW50lUmghPmpYZXMu/+AQ=="
    },
    "swiper": {
      "version": "9.3.2",
      "resolved": "https://registry.npmjs.org/swiper/-/swiper-9.3.2.tgz",
      "integrity": "sha512-Kj9Z4kXRmJR3YT/Wj+XLWj8P6IcRt+WG38uL8M3/Wny7+6sV0TlP9vnE1X+Co9c7VzNooojWGnFa+Wf/9+CUMA==",
      "requires": {
        "ssr-window": "^4.0.2"
      }
    }
  }
}
